
Microsoft Visual Studio Solution File, Format Version 12.00
# Visual Studio Version 16
VisualStudioVersion = 16.0.29609.76
MinimumVisualStudioVersion = 10.0.40219.1
Project("{FAE04EC0-301F-11D3-BF4B-00C04F79EFBC}") = "TennisScoreUWP", "TennisScoreUWP\TennisScoreUWP.csproj", "{2BF52E5A-D009-4A8B-B245-32039E7DEAEB}"
EndProject
Global
	GlobalSection(SolutionConfigurationPlatforms) = preSolution
		Debug|ARM = Debug|ARM
		Debug|ARM64 = Debug|ARM64
		Debug|x64 = Debug|x64
		Debug|x86 = Debug|x86
		Release|ARM = Release|ARM
		Release|ARM64 = Release|ARM64
		Release|x64 = Release|x64
		Release|x86 = Release|x86
	EndGlobalSection
	GlobalSection(ProjectConfigurationPlatforms) = postSolution
		{2BF52E5A-D009-4A8B-B245-32039E7DEAEB}.Debug|ARM.ActiveCfg = Debug|ARM
		{2BF52E5A-D009-4A8B-B245-32039E7DEAEB}.Debug|ARM.Build.0 = Debug|ARM
		{2BF52E5A-D009-4A8B-B245-32039E7DEAEB}.Debug|ARM.Deploy.0 = Debug|ARM
		{2BF52E5A-D009-4A8B-B245-32039E7DEAEB}.Debug|ARM64.ActiveCfg = Debug|ARM64
		{2BF52E5A-D009-4A8B-B245-32039E7DEAEB}.Debug|ARM64.Build.0 = Debug|ARM64
		{2BF52E5A-D009-4A8B-B245-32039E7DEAEB}.Debug|ARM64.Deploy.0 = Debug|ARM64
		{2BF52E5A-D009-4A8B-B245-32039E7DEAEB}.Debug|x64.ActiveCfg = Debug|x64
		{2BF52E5A-D009-4A8B-B245-32039E7DEAEB}.Debug|x64.Build.0 = Debug|x64
		{2BF52E5A-D009-4A8B-B245-32039E7DEAEB}.Debug|x64.Deploy.0 = Debug|x64
		{2BF52E5A-D009-4A8B-B245-32039E7DEAEB}.Debug|x86.ActiveCfg = Debug|x86
		{2BF52E5A-D009-4A8B-B245-32039E7DEAEB}.Debug|x86.Build.0 = Debug|x86
		{2BF52E5A-D009-4A8B-B245-32039E7DEAEB}.Debug|x86.Deploy.0 = Debug|x86
		{2BF52E5A-D009-4A8B-B245-32039E7DEAEB}.Release|ARM.ActiveCfg = Release|ARM
		{2BF52E5A-D009-4A8B-B245-32039E7DEAEB}.Release|ARM.Build.0 = Release|ARM
		{2BF52E5A-D009-4A8B-B245-32039E7DEAEB}.Release|ARM.Deploy.0 = Release|ARM
		{2BF52E5A-D009-4A8B-B245-32039E7DEAEB}.Release|ARM64.ActiveCfg = Release|ARM64
		{2BF52E5A-D009-4A8B-B245-32039E7DEAEB}.Release|ARM64.Build.0 = Release|ARM64
		{2BF52E5A-D009-4A8B-B245-32039E7DEAEB}.Release|ARM64.Deploy.0 = Release|ARM64
		{2BF52E5A-D009-4A8B-B245-32039E7DEAEB}.Release|x64.ActiveCfg = Release|x64
		{2BF52E5A-D009-4A8B-B245-32039E7DEAEB}.Release|x64.Build.0 = Release|x64
		{2BF52E5A-D009-4A8B-B245-32039E7DEAEB}.Release|x64.Deploy.0 = Release|x64
		{2BF52E5A-D009-4A8B-B245-32039E7DEAEB}.Release|x86.ActiveCfg = Release|x86
		{2BF52E5A-D009-4A8B-B245-32039E7DEAEB}.Release|x86.Build.0 = Release|x86
		{2BF52E5A-D009-4A8B-B245-32039E7DEAEB}.Release|x86.Deploy.0 = Release|x86
	EndGlobalSection
	GlobalSection(SolutionProperties) = preSolution
		HideSolutionNode = FALSE
	EndGlobalSection
	GlobalSection(ExtensibilityGlobals) = postSolution
		SolutionGuid = {112759FD-18B9-4C41-AA1F-F61FAD76E11D}
	EndGlobalSection
EndGlobal
